
Microsoft Visual Studio Solution File, Format Version 12.00
# Visual Studio 14
VisualStudioVersion = 14.0.24720.0
MinimumVisualStudioVersion = 10.0.40219.1
Project("{FAE04EC0-301F-11D3-BF4B-00C04F79EFBC}") = "Labb 1", "Labb 1\Labb 1.csproj", "{21646ECE-C1E2-440E-A8D4-933A36C7ED1B}"
EndProject
Project("{2150E333-8FDC-42A3-9474-1A3956D46DE8}") = "Laberation 1", "Laberation 1", "{60EE9936-D0F9-477C-AB56-9F4F81BB0BDF}"
EndProject
Project("{FAE04EC0-301F-11D3-BF4B-00C04F79EFBC}") = "Labb 1.5", "Labb 1.5\Labb 1.5.csproj", "{3EFDC904-112B-4462-9AB0-846ABF5E7420}"
EndProject
Project("{FAE04EC0-301F-11D3-BF4B-00C04F79EFBC}") = "Labb 1.2", "Labb 2\Labb 1.2.csproj", "{9754D963-5E05-4C3B-94FB-D79ECC85C6E9}"
EndProject
Project("{FAE04EC0-301F-11D3-BF4B-00C04F79EFBC}") = "Labb 1.3", "Labb 3\Labb 1.3.csproj", "{2693A3A4-A60C-49AF-9BE7-06581C6A923D}"
EndProject
Project("{FAE04EC0-301F-11D3-BF4B-00C04F79EFBC}") = "Labb 1.4", "Labb 4\Labb 1.4.csproj", "{F73838E7-84DC-4792-88F9-9A7BE3CB80A9}"
EndProject
Project("{FAE04EC0-301F-11D3-BF4B-00C04F79EFBC}") = "Labb 1.6", "Labb 1.6\Labb 1.6.csproj", "{C64E5D7E-E416-436C-A677-72D8FA70B11E}"
EndProject
Global
	GlobalSection(SolutionConfigurationPlatforms) = preSolution
		Debug|Any CPU = Debug|Any CPU
		Release|Any CPU = Release|Any CPU
	EndGlobalSection
	GlobalSection(ProjectConfigurationPlatforms) = postSolution
		{21646ECE-C1E2-440E-A8D4-933A36C7ED1B}.Debug|Any CPU.ActiveCfg = Debug|Any CPU
		{21646ECE-C1E2-440E-A8D4-933A36C7ED1B}.Debug|Any CPU.Build.0 = Debug|Any CPU
		{21646ECE-C1E2-440E-A8D4-933A36C7ED1B}.Release|Any CPU.ActiveCfg = Release|Any CPU
		{21646ECE-C1E2-440E-A8D4-933A36C7ED1B}.Release|Any CPU.Build.0 = Release|Any CPU
		{3EFDC904-112B-4462-9AB0-846ABF5E7420}.Debug|Any CPU.ActiveCfg = Debug|Any CPU
		{3EFDC904-112B-4462-9AB0-846ABF5E7420}.Debug|Any CPU.Build.0 = Debug|Any CPU
		{3EFDC904-112B-4462-9AB0-846ABF5E7420}.Release|Any CPU.ActiveCfg = Release|Any CPU
		{3EFDC904-112B-4462-9AB0-846ABF5E7420}.Release|Any CPU.Build.0 = Release|Any CPU
		{9754D963-5E05-4C3B-94FB-D79ECC85C6E9}.Debug|Any CPU.ActiveCfg = Debug|Any CPU
		{9754D963-5E05-4C3B-94FB-D79ECC85C6E9}.Debug|Any CPU.Build.0 = Debug|Any CPU
		{9754D963-5E05-4C3B-94FB-D79ECC85C6E9}.Release|Any CPU.ActiveCfg = Release|Any CPU
		{9754D963-5E05-4C3B-94FB-D79ECC85C6E9}.Release|Any CPU.Build.0 = Release|Any CPU
		{2693A3A4-A60C-49AF-9BE7-06581C6A923D}.Debug|Any CPU.ActiveCfg = Debug|Any CPU
		{2693A3A4-A60C-49AF-9BE7-06581C6A923D}.Debug|Any CPU.Build.0 = Debug|Any CPU
		{2693A3A4-A60C-49AF-9BE7-06581C6A923D}.Release|Any CPU.ActiveCfg = Release|Any CPU
		{2693A3A4-A60C-49AF-9BE7-06581C6A923D}.Release|Any CPU.Build.0 = Release|Any CPU
		{F73838E7-84DC-4792-88F9-9A7BE3CB80A9}.Debug|Any CPU.ActiveCfg = Debug|Any CPU
		{F73838E7-84DC-4792-88F9-9A7BE3CB80A9}.Debug|Any CPU.Build.0 = Debug|Any CPU
		{F73838E7-84DC-4792-88F9-9A7BE3CB80A9}.Release|Any CPU.ActiveCfg = Release|Any CPU
		{F73838E7-84DC-4792-88F9-9A7BE3CB80A9}.Release|Any CPU.Build.0 = Release|Any CPU
		{C64E5D7E-E416-436C-A677-72D8FA70B11E}.Debug|Any CPU.ActiveCfg = Debug|Any CPU
		{C64E5D7E-E416-436C-A677-72D8FA70B11E}.Debug|Any CPU.Build.0 = Debug|Any CPU
		{C64E5D7E-E416-436C-A677-72D8FA70B11E}.Release|Any CPU.ActiveCfg = Release|Any CPU
		{C64E5D7E-E416-436C-A677-72D8FA70B11E}.Release|Any CPU.Build.0 = Release|Any CPU
	EndGlobalSection
	GlobalSection(SolutionProperties) = preSolution
		HideSolutionNode = FALSE
	EndGlobalSection
	GlobalSection(NestedProjects) = preSolution
		{21646ECE-C1E2-440E-A8D4-933A36C7ED1B} = {60EE9936-D0F9-477C-AB56-9F4F81BB0BDF}
		{3EFDC904-112B-4462-9AB0-846ABF5E7420} = {60EE9936-D0F9-477C-AB56-9F4F81BB0BDF}
		{9754D963-5E05-4C3B-94FB-D79ECC85C6E9} = {60EE9936-D0F9-477C-AB56-9F4F81BB0BDF}
		{2693A3A4-A60C-49AF-9BE7-06581C6A923D} = {60EE9936-D0F9-477C-AB56-9F4F81BB0BDF}
		{F73838E7-84DC-4792-88F9-9A7BE3CB80A9} = {60EE9936-D0F9-477C-AB56-9F4F81BB0BDF}
		{C64E5D7E-E416-436C-A677-72D8FA70B11E} = {60EE9936-D0F9-477C-AB56-9F4F81BB0BDF}
	EndGlobalSection
EndGlobal
