
Microsoft Visual Studio Solution File, Format Version 12.00
# Visual Studio 14
VisualStudioVersion = 14.0.24720.0
MinimumVisualStudioVersion = 10.0.40219.1
Project("{FAE04EC0-301F-11D3-BF4B-00C04F79EFBC}") = "NorthwindService", "NorthwindService\NorthwindService.csproj", "{D6CCD49E-E602-469C-84CA-D5F94D84A887}"
EndProject
Project("{FAE04EC0-301F-11D3-BF4B-00C04F79EFBC}") = "ShipperService", "ShipperService\ShipperService.csproj", "{CDCD52BD-A69E-440E-A000-2D659E921124}"
EndProject
Project("{FAE04EC0-301F-11D3-BF4B-00C04F79EFBC}") = "ShipperClient", "ShipperClient\ShipperClient.csproj", "{C8B4F896-2EEE-4066-95DF-E791182A9AD1}"
EndProject
Global
	GlobalSection(SolutionConfigurationPlatforms) = preSolution
		Debug|Any CPU = Debug|Any CPU
		Release|Any CPU = Release|Any CPU
	EndGlobalSection
	GlobalSection(ProjectConfigurationPlatforms) = postSolution
		{D6CCD49E-E602-469C-84CA-D5F94D84A887}.Debug|Any CPU.ActiveCfg = Debug|Any CPU
		{D6CCD49E-E602-469C-84CA-D5F94D84A887}.Debug|Any CPU.Build.0 = Debug|Any CPU
		{D6CCD49E-E602-469C-84CA-D5F94D84A887}.Release|Any CPU.ActiveCfg = Release|Any CPU
		{D6CCD49E-E602-469C-84CA-D5F94D84A887}.Release|Any CPU.Build.0 = Release|Any CPU
		{CDCD52BD-A69E-440E-A000-2D659E921124}.Debug|Any CPU.ActiveCfg = Debug|Any CPU
		{CDCD52BD-A69E-440E-A000-2D659E921124}.Debug|Any CPU.Build.0 = Debug|Any CPU
		{CDCD52BD-A69E-440E-A000-2D659E921124}.Release|Any CPU.ActiveCfg = Release|Any CPU
		{CDCD52BD-A69E-440E-A000-2D659E921124}.Release|Any CPU.Build.0 = Release|Any CPU
		{C8B4F896-2EEE-4066-95DF-E791182A9AD1}.Debug|Any CPU.ActiveCfg = Debug|Any CPU
		{C8B4F896-2EEE-4066-95DF-E791182A9AD1}.Debug|Any CPU.Build.0 = Debug|Any CPU
		{C8B4F896-2EEE-4066-95DF-E791182A9AD1}.Release|Any CPU.ActiveCfg = Release|Any CPU
		{C8B4F896-2EEE-4066-95DF-E791182A9AD1}.Release|Any CPU.Build.0 = Release|Any CPU
	EndGlobalSection
	GlobalSection(SolutionProperties) = preSolution
		HideSolutionNode = FALSE
	EndGlobalSection
EndGlobal
